
Microsoft Visual Studio Solution File, Format Version 12.00
# Visual Studio Version 17
VisualStudioVersion = 17.6.33513.286
MinimumVisualStudioVersion = 10.0.40219.1
Project("{FAE04EC0-301F-11D3-BF4B-00C04F79EFBC}") = "Client", "Client\Client.csproj", "{2DEA1F91-4529-4596-9DD6-F722B2D47593}"
EndProject
Global
	GlobalSection(SolutionConfigurationPlatforms) = preSolution
		Debug|Any CPU = Debug|Any CPU
		Release|Any CPU = Release|Any CPU
	EndGlobalSection
	GlobalSection(ProjectConfigurationPlatforms) = postSolution
		{2DEA1F91-4529-4596-9DD6-F722B2D47593}.Debug|Any CPU.ActiveCfg = Debug|Any CPU
		{2DEA1F91-4529-4596-9DD6-F722B2D47593}.Debug|Any CPU.Build.0 = Debug|Any CPU
		{2DEA1F91-4529-4596-9DD6-F722B2D47593}.Release|Any CPU.ActiveCfg = Release|Any CPU
		{2DEA1F91-4529-4596-9DD6-F722B2D47593}.Release|Any CPU.Build.0 = Release|Any CPU
	EndGlobalSection
	GlobalSection(SolutionProperties) = preSolution
		HideSolutionNode = FALSE
	EndGlobalSection
	GlobalSection(ExtensibilityGlobals) = postSolution
		SolutionGuid = {598BC465-1335-4F97-8051-802E3BE82C88}
	EndGlobalSection
EndGlobal
