
Microsoft Visual Studio Solution File, Format Version 12.00
# Visual Studio Version 17
VisualStudioVersion = 17.6.33513.286
MinimumVisualStudioVersion = 10.0.40219.1
Project("{FAE04EC0-301F-11D3-BF4B-00C04F79EFBC}") = "SocketsServerA", "SocketsServerA\SocketsServerA.csproj", "{9B921544-74F0-4FBC-BD12-EDE1E945F65D}"
EndProject
Project("{FAE04EC0-301F-11D3-BF4B-00C04F79EFBC}") = "SocketServerB", "..\SocketServerB\SocketServerB.csproj", "{71B646E7-31FA-4800-9AFB-405FD246B97D}"
EndProject
Global
	GlobalSection(SolutionConfigurationPlatforms) = preSolution
		Debug|Any CPU = Debug|Any CPU
		Release|Any CPU = Release|Any CPU
	EndGlobalSection
	GlobalSection(ProjectConfigurationPlatforms) = postSolution
		{9B921544-74F0-4FBC-BD12-EDE1E945F65D}.Debug|Any CPU.ActiveCfg = Debug|Any CPU
		{9B921544-74F0-4FBC-BD12-EDE1E945F65D}.Debug|Any CPU.Build.0 = Debug|Any CPU
		{9B921544-74F0-4FBC-BD12-EDE1E945F65D}.Release|Any CPU.ActiveCfg = Release|Any CPU
		{9B921544-74F0-4FBC-BD12-EDE1E945F65D}.Release|Any CPU.Build.0 = Release|Any CPU
		{71B646E7-31FA-4800-9AFB-405FD246B97D}.Debug|Any CPU.ActiveCfg = Debug|Any CPU
		{71B646E7-31FA-4800-9AFB-405FD246B97D}.Debug|Any CPU.Build.0 = Debug|Any CPU
		{71B646E7-31FA-4800-9AFB-405FD246B97D}.Release|Any CPU.ActiveCfg = Release|Any CPU
		{71B646E7-31FA-4800-9AFB-405FD246B97D}.Release|Any CPU.Build.0 = Release|Any CPU
	EndGlobalSection
	GlobalSection(SolutionProperties) = preSolution
		HideSolutionNode = FALSE
	EndGlobalSection
	GlobalSection(ExtensibilityGlobals) = postSolution
		SolutionGuid = {F6005C40-FDAE-460B-9782-66A1E788C14F}
	EndGlobalSection
EndGlobal
